
Microsoft Visual Studio Solution File, Format Version 12.00
# Visual Studio 15
VisualStudioVersion = 15.0.28307.271
MinimumVisualStudioVersion = 10.0.40219.1
Project("{FAE04EC0-301F-11D3-BF4B-00C04F79EFBC}") = "Temperature_Display", "Temperature_Display\Temperature_Display.csproj", "{4680B091-2DF1-4AE1-9FE4-48EA14855442}"
EndProject
Global
	GlobalSection(SolutionConfigurationPlatforms) = preSolution
		Debug|Any CPU = Debug|Any CPU
		Release|Any CPU = Release|Any CPU
	EndGlobalSection
	GlobalSection(ProjectConfigurationPlatforms) = postSolution
		{4680B091-2DF1-4AE1-9FE4-48EA14855442}.Debug|Any CPU.ActiveCfg = Debug|Any CPU
		{4680B091-2DF1-4AE1-9FE4-48EA14855442}.Debug|Any CPU.Build.0 = Debug|Any CPU
		{4680B091-2DF1-4AE1-9FE4-48EA14855442}.Release|Any CPU.ActiveCfg = Release|Any CPU
		{4680B091-2DF1-4AE1-9FE4-48EA14855442}.Release|Any CPU.Build.0 = Release|Any CPU
	EndGlobalSection
	GlobalSection(SolutionProperties) = preSolution
		HideSolutionNode = FALSE
	EndGlobalSection
	GlobalSection(ExtensibilityGlobals) = postSolution
		SolutionGuid = {427CF838-C85B-4F56-BBE2-FAC4F0F13424}
	EndGlobalSection
EndGlobal
